
Microsoft Visual Studio Solution File, Format Version 12.00
# Visual Studio Version 16
VisualStudioVersion = 16.0.30114.105
MinimumVisualStudioVersion = 10.0.40219.1
Project("{FAE04EC0-301F-11D3-BF4B-00C04F79EFBC}") = "API", "API\API.csproj", "{BCA65C92-7139-422D-9A83-CF881C4ED0C4}"
EndProject
Project("{FAE04EC0-301F-11D3-BF4B-00C04F79EFBC}") = "Application", "Application\Application.csproj", "{0DB00E2F-F8D0-4535-86B7-8D7059B3920B}"
EndProject
Project("{FAE04EC0-301F-11D3-BF4B-00C04F79EFBC}") = "Persistence", "Persistence\Persistence.csproj", "{F21D4467-C7C1-4F68-87F6-EE1A0AB38971}"
EndProject
Project("{FAE04EC0-301F-11D3-BF4B-00C04F79EFBC}") = "Domain", "Domain\Domain.csproj", "{EA1D02B2-1A4E-4542-BA89-7C3DC100E1DE}"
EndProject
Global
	GlobalSection(SolutionConfigurationPlatforms) = preSolution
		Debug|Any CPU = Debug|Any CPU
		Release|Any CPU = Release|Any CPU
	EndGlobalSection
	GlobalSection(SolutionProperties) = preSolution
		HideSolutionNode = FALSE
	EndGlobalSection
	GlobalSection(ProjectConfigurationPlatforms) = postSolution
		{BCA65C92-7139-422D-9A83-CF881C4ED0C4}.Debug|Any CPU.ActiveCfg = Debug|Any CPU
		{BCA65C92-7139-422D-9A83-CF881C4ED0C4}.Debug|Any CPU.Build.0 = Debug|Any CPU
		{BCA65C92-7139-422D-9A83-CF881C4ED0C4}.Release|Any CPU.ActiveCfg = Release|Any CPU
		{BCA65C92-7139-422D-9A83-CF881C4ED0C4}.Release|Any CPU.Build.0 = Release|Any CPU
		{0DB00E2F-F8D0-4535-86B7-8D7059B3920B}.Debug|Any CPU.ActiveCfg = Debug|Any CPU
		{0DB00E2F-F8D0-4535-86B7-8D7059B3920B}.Debug|Any CPU.Build.0 = Debug|Any CPU
		{0DB00E2F-F8D0-4535-86B7-8D7059B3920B}.Release|Any CPU.ActiveCfg = Release|Any CPU
		{0DB00E2F-F8D0-4535-86B7-8D7059B3920B}.Release|Any CPU.Build.0 = Release|Any CPU
		{F21D4467-C7C1-4F68-87F6-EE1A0AB38971}.Debug|Any CPU.ActiveCfg = Debug|Any CPU
		{F21D4467-C7C1-4F68-87F6-EE1A0AB38971}.Debug|Any CPU.Build.0 = Debug|Any CPU
		{F21D4467-C7C1-4F68-87F6-EE1A0AB38971}.Release|Any CPU.ActiveCfg = Release|Any CPU
		{F21D4467-C7C1-4F68-87F6-EE1A0AB38971}.Release|Any CPU.Build.0 = Release|Any CPU
		{EA1D02B2-1A4E-4542-BA89-7C3DC100E1DE}.Debug|Any CPU.ActiveCfg = Debug|Any CPU
		{EA1D02B2-1A4E-4542-BA89-7C3DC100E1DE}.Debug|Any CPU.Build.0 = Debug|Any CPU
		{EA1D02B2-1A4E-4542-BA89-7C3DC100E1DE}.Release|Any CPU.ActiveCfg = Release|Any CPU
		{EA1D02B2-1A4E-4542-BA89-7C3DC100E1DE}.Release|Any CPU.Build.0 = Release|Any CPU
	EndGlobalSection
EndGlobal
